{
  "version": 4,
  "terraform_version": "1.3.9",
  "serial": 47,
  "lineage": "dfe8ce36-f327-39bf-fb65-560b01cfecef",
  "outputs": {},
  "resources": [
    {
      "mode": "managed",
      "type": "aws_db_subnet_group",
      "name": "pg-cluster-sn",
      "provider": "provider[\"registry.terraform.io/hashicorp/aws\"]",
      "instances": [
        {
          "schema_version": 0,
          "attributes": {
            "arn": "arn:aws:rds:us-east-1:557771927808:subgrp:pg-cluster-sn-subnet-group",
            "description": "Managed by Terraform",
            "id": "pg-cluster-sn-subnet-group",
            "name": "pg-cluster-sn-subnet-group",
            "name_prefix": null,
            "subnet_ids": [
              "subnet-0266ea5d6a0347df2",
              "subnet-04914496f0075c201"
            ],
            "tags": {},
            "tags_all": {}
          },
          "sensitive_attributes": [],
          "private": "bnVsbA=="
        }
      ]
    },
    {
      "mode": "managed",
      "type": "aws_rds_cluster",
      "name": "postgres-cluster",
      "provider": "provider[\"registry.terraform.io/hashicorp/aws\"]",
      "instances": [
        {
          "schema_version": 0,
          "attributes": {
            "allow_major_version_upgrade": null,
            "apply_immediately": null,
            "arn": "arn:aws:rds:us-east-1:557771927808:cluster:postgres-cluster",
            "availability_zones": [
              "us-east-1b",
              "us-east-1c",
              "us-east-1f"
            ],
            "backtrack_window": 0,
            "backup_retention_period": 1,
            "cluster_identifier": "postgres-cluster",
            "cluster_identifier_prefix": null,
            "cluster_members": [],
            "cluster_resource_id": "cluster-L5VBGKN2DDHLFDOJ3N67KZSXBU",
            "copy_tags_to_snapshot": false,
            "database_name": "mydb",
            "db_cluster_parameter_group_name": "default.aurora-postgresql11",
            "db_instance_parameter_group_name": null,
            "db_subnet_group_name": "pg-cluster-sn-subnet-group",
            "deletion_protection": false,
            "enable_global_write_forwarding": false,
            "enable_http_endpoint": false,
            "enabled_cloudwatch_logs_exports": [],
            "endpoint": "postgres-cluster.cluster-cri0fdwb4wg6.us-east-1.rds.amazonaws.com",
            "engine": "aurora-postgresql",
            "engine_mode": "provisioned",
            "engine_version": "11.9",
            "engine_version_actual": "11.9",
            "final_snapshot_identifier": null,
            "global_cluster_identifier": "",
            "hosted_zone_id": "Z2R2ITUGPM61AM",
            "iam_database_authentication_enabled": false,
            "iam_roles": [],
            "id": "postgres-cluster",
            "kms_key_id": "",
            "master_password": "Postgres123",
            "master_username": "a1tinno",
            "port": 5432,
            "preferred_backup_window": "08:20-08:50",
            "preferred_maintenance_window": "mon:07:36-mon:08:06",
            "reader_endpoint": "postgres-cluster.cluster-ro-cri0fdwb4wg6.us-east-1.rds.amazonaws.com",
            "replication_source_identifier": "",
            "restore_to_point_in_time": [],
            "s3_import": [],
            "scaling_configuration": [],
            "skip_final_snapshot": true,
            "snapshot_identifier": null,
            "source_region": null,
            "storage_encrypted": false,
            "tags": {
              "Name": "aurora-pg-cluster",
              "cloud_provider": "aws",
              "create_by": "Terraform",
              "environment": "dev",
              "id": "10472",
              "owner": "a1tinno",
              "project": "pg",
              "teams": "aurora"
            },
            "tags_all": {
              "Name": "aurora-pg-cluster",
              "cloud_provider": "aws",
              "create_by": "Terraform",
              "environment": "dev",
              "id": "10472",
              "owner": "a1tinno",
              "project": "pg",
              "teams": "aurora"
            },
            "timeouts": null,
            "vpc_security_group_ids": [
              "sg-0096cb25757e28919"
            ]
          },
          "sensitive_attributes": [],
          "private": "eyJlMmJmYjczMC1lY2FhLTExZTYtOGY4OC0zNDM2M2JjN2M0YzAiOnsiY3JlYXRlIjo3MjAwMDAwMDAwMDAwLCJkZWxldGUiOjcyMDAwMDAwMDAwMDAsInVwZGF0ZSI6NzIwMDAwMDAwMDAwMH19",
          "dependencies": [
            "aws_db_subnet_group.pg-cluster-sn",
            "aws_security_group.pg-cluster-sg"
          ]
        }
      ]
    },
    {
      "mode": "managed",
      "type": "aws_security_group",
      "name": "pg-cluster-sg",
      "provider": "provider[\"registry.terraform.io/hashicorp/aws\"]",
      "instances": [
        {
          "schema_version": 1,
          "attributes": {
            "arn": "arn:aws:ec2:us-east-1:557771927808:security-group/sg-0096cb25757e28919",
            "description": "pg-cluster-sg security group for Aurora DB cluster",
            "egress": [
              {
                "cidr_blocks": [
                  "0.0.0.0/0"
                ],
                "description": "",
                "from_port": 0,
                "ipv6_cidr_blocks": [],
                "prefix_list_ids": [],
                "protocol": "-1",
                "security_groups": [],
                "self": false,
                "to_port": 0
              }
            ],
            "id": "sg-0096cb25757e28919",
            "ingress": [
              {
                "cidr_blocks": [
                  "0.0.0.0/0"
                ],
                "description": "",
                "from_port": 5432,
                "ipv6_cidr_blocks": [],
                "prefix_list_ids": [],
                "protocol": "tcp",
                "security_groups": [],
                "self": false,
                "to_port": 5432
              }
            ],
            "name": "pg-cluster-sg-security-group",
            "name_prefix": "",
            "owner_id": "557771927808",
            "revoke_rules_on_delete": false,
            "tags": {},
            "tags_all": {},
            "timeouts": null,
            "vpc_id": "vpc-088508f6696d1c394"
          },
          "sensitive_attributes": [],
          "private": "eyJlMmJmYjczMC1lY2FhLTExZTYtOGY4OC0zNDM2M2JjN2M0YzAiOnsiY3JlYXRlIjo2MDAwMDAwMDAwMDAsImRlbGV0ZSI6OTAwMDAwMDAwMDAwfSwic2NoZW1hX3ZlcnNpb24iOiIxIn0="
        }
      ]
    }
  ],
  "check_results": null
}
