{
  "version": 4,
  "terraform_version": "1.3.9",
  "serial": 11,
  "lineage": "80be3a43-de07-ecb4-9ae0-b436d73b8293",
  "outputs": {},
  "resources": [
    {
      "module": "module.s3-backet-replication-module",
      "mode": "data",
      "type": "aws_iam_policy_document",
      "name": "assume_role",
      "provider": "provider[\"registry.terraform.io/hashicorp/aws\"]",
      "instances": [
        {
          "schema_version": 0,
          "attributes": {
            "id": "4003806384",
            "json": "{\n  \"Version\": \"2012-10-17\",\n  \"Statement\": [\n    {\n      \"Sid\": \"\",\n      \"Effect\": \"Allow\",\n      \"Action\": \"sts:AssumeRole\",\n      \"Principal\": {\n        \"Service\": \"s3.amazonaws.com\"\n      }\n    }\n  ]\n}",
            "override_json": null,
            "override_policy_documents": null,
            "policy_id": null,
            "source_json": null,
            "source_policy_documents": null,
            "statement": [
              {
                "actions": [
                  "sts:AssumeRole"
                ],
                "condition": [],
                "effect": "Allow",
                "not_actions": [],
                "not_principals": [],
                "not_resources": [],
                "principals": [
                  {
                    "identifiers": [
                      "s3.amazonaws.com"
                    ],
                    "type": "Service"
                  }
                ],
                "resources": [],
                "sid": ""
              }
            ],
            "version": "2012-10-17"
          },
          "sensitive_attributes": []
        }
      ]
    },
    {
      "module": "module.s3-backet-replication-module",
      "mode": "data",
      "type": "aws_iam_policy_document",
      "name": "replication",
      "provider": "provider[\"registry.terraform.io/hashicorp/aws\"]",
      "instances": [
        {
          "schema_version": 0,
          "attributes": {
            "id": "2868554155",
            "json": "{\n  \"Version\": \"2012-10-17\",\n  \"Statement\": [\n    {\n      \"Sid\": \"\",\n      \"Effect\": \"Allow\",\n      \"Action\": [\n        \"s3:ListBucket\",\n        \"s3:GetReplicationConfiguration\"\n      ],\n      \"Resource\": \"arn:aws:s3:::2024-practical-s3\"\n    },\n    {\n      \"Sid\": \"\",\n      \"Effect\": \"Allow\",\n      \"Action\": [\n        \"s3:GetObjectVersionTagging\",\n        \"s3:GetObjectVersionForReplication\",\n        \"s3:GetObjectVersionAcl\"\n      ],\n      \"Resource\": \"arn:aws:s3:::2024-practical-s3/*\"\n    },\n    {\n      \"Sid\": \"\",\n      \"Effect\": \"Allow\",\n      \"Action\": [\n        \"s3:ReplicateTags\",\n        \"s3:ReplicateObject\",\n        \"s3:ReplicateDelete\"\n      ],\n      \"Resource\": \"arn:aws:s3:::2024-backup-bucket/*\"\n    }\n  ]\n}",
            "override_json": null,
            "override_policy_documents": null,
            "policy_id": null,
            "source_json": null,
            "source_policy_documents": null,
            "statement": [
              {
                "actions": [
                  "s3:GetReplicationConfiguration",
                  "s3:ListBucket"
                ],
                "condition": [],
                "effect": "Allow",
                "not_actions": [],
                "not_principals": [],
                "not_resources": [],
                "principals": [],
                "resources": [
                  "arn:aws:s3:::2024-practical-s3"
                ],
                "sid": ""
              },
              {
                "actions": [
                  "s3:GetObjectVersionAcl",
                  "s3:GetObjectVersionForReplication",
                  "s3:GetObjectVersionTagging"
                ],
                "condition": [],
                "effect": "Allow",
                "not_actions": [],
                "not_principals": [],
                "not_resources": [],
                "principals": [],
                "resources": [
                  "arn:aws:s3:::2024-practical-s3/*"
                ],
                "sid": ""
              },
              {
                "actions": [
                  "s3:ReplicateDelete",
                  "s3:ReplicateObject",
                  "s3:ReplicateTags"
                ],
                "condition": [],
                "effect": "Allow",
                "not_actions": [],
                "not_principals": [],
                "not_resources": [],
                "principals": [],
                "resources": [
                  "arn:aws:s3:::2024-backup-bucket/*"
                ],
                "sid": ""
              }
            ],
            "version": "2012-10-17"
          },
          "sensitive_attributes": []
        }
      ]
    },
    {
      "module": "module.s3-backet-replication-module",
      "mode": "managed",
      "type": "aws_iam_policy",
      "name": "replication",
      "provider": "provider[\"registry.terraform.io/hashicorp/aws\"]",
      "instances": [
        {
          "schema_version": 0,
          "attributes": {
            "arn": "arn:aws:iam::557771927808:policy/2024-aws_iam_policy",
            "description": "",
            "id": "arn:aws:iam::557771927808:policy/2024-aws_iam_policy",
            "name": "2024-aws_iam_policy",
            "name_prefix": "",
            "path": "/",
            "policy": "{\"Statement\":[{\"Action\":[\"s3:ListBucket\",\"s3:GetReplicationConfiguration\"],\"Effect\":\"Allow\",\"Resource\":\"arn:aws:s3:::2024-practical-s3\",\"Sid\":\"\"},{\"Action\":[\"s3:GetObjectVersionTagging\",\"s3:GetObjectVersionForReplication\",\"s3:GetObjectVersionAcl\"],\"Effect\":\"Allow\",\"Resource\":\"arn:aws:s3:::2024-practical-s3/*\",\"Sid\":\"\"},{\"Action\":[\"s3:ReplicateTags\",\"s3:ReplicateObject\",\"s3:ReplicateDelete\"],\"Effect\":\"Allow\",\"Resource\":\"arn:aws:s3:::2024-backup-bucket/*\",\"Sid\":\"\"}],\"Version\":\"2012-10-17\"}",
            "policy_id": "ANPAYDXOMGEAKTDNLKOUU",
            "tags": null,
            "tags_all": {}
          },
          "sensitive_attributes": [],
          "private": "bnVsbA==",
          "dependencies": [
            "module.s3-backet-replication-module.aws_s3_bucket.backup-bucket",
            "module.s3-backet-replication-module.aws_s3_bucket.practical-s3-east_1",
            "module.s3-backet-replication-module.data.aws_iam_policy_document.replication"
          ]
        }
      ]
    },
    {
      "module": "module.s3-backet-replication-module",
      "mode": "managed",
      "type": "aws_iam_role",
      "name": "replication",
      "provider": "provider[\"registry.terraform.io/hashicorp/aws\"]",
      "instances": [
        {
          "schema_version": 0,
          "attributes": {
            "arn": "arn:aws:iam::557771927808:role/2024-iam-role-replication",
            "assume_role_policy": "{\"Statement\":[{\"Action\":\"sts:AssumeRole\",\"Effect\":\"Allow\",\"Principal\":{\"Service\":\"s3.amazonaws.com\"},\"Sid\":\"\"}],\"Version\":\"2012-10-17\"}",
            "create_date": "2024-03-13T23:04:54Z",
            "description": "",
            "force_detach_policies": false,
            "id": "2024-iam-role-replication",
            "inline_policy": [],
            "managed_policy_arns": [],
            "max_session_duration": 3600,
            "name": "2024-iam-role-replication",
            "name_prefix": "",
            "path": "/",
            "permissions_boundary": null,
            "role_last_used": [
              {
                "last_used_date": "",
                "region": ""
              }
            ],
            "tags": null,
            "tags_all": {},
            "unique_id": "AROAYDXOMGEAL25OZ46EC"
          },
          "sensitive_attributes": [],
          "private": "bnVsbA==",
          "dependencies": [
            "module.s3-backet-replication-module.data.aws_iam_policy_document.assume_role"
          ]
        }
      ]
    },
    {
      "module": "module.s3-backet-replication-module",
      "mode": "managed",
      "type": "aws_iam_role_policy_attachment",
      "name": "replication",
      "provider": "provider[\"registry.terraform.io/hashicorp/aws\"]",
      "instances": [
        {
          "schema_version": 0,
          "attributes": {
            "id": "2024-iam-role-replication-20240313230455152600000001",
            "policy_arn": "arn:aws:iam::557771927808:policy/2024-aws_iam_policy",
            "role": "2024-iam-role-replication"
          },
          "sensitive_attributes": [],
          "private": "bnVsbA==",
          "dependencies": [
            "module.s3-backet-replication-module.aws_iam_policy.replication",
            "module.s3-backet-replication-module.aws_iam_role.replication",
            "module.s3-backet-replication-module.aws_s3_bucket.backup-bucket",
            "module.s3-backet-replication-module.aws_s3_bucket.practical-s3-east_1",
            "module.s3-backet-replication-module.data.aws_iam_policy_document.assume_role",
            "module.s3-backet-replication-module.data.aws_iam_policy_document.replication"
          ]
        }
      ]
    },
    {
      "module": "module.s3-backet-replication-module",
      "mode": "managed",
      "type": "aws_s3_bucket",
      "name": "backup-bucket",
      "provider": "module.s3-backet-replication-module.provider[\"registry.terraform.io/hashicorp/aws\"].backup-bucket",
      "instances": [
        {
          "schema_version": 0,
          "attributes": {
            "acceleration_status": "",
            "acl": null,
            "arn": "arn:aws:s3:::2024-backup-bucket",
            "bucket": "2024-backup-bucket",
            "bucket_domain_name": "2024-backup-bucket.s3.amazonaws.com",
            "bucket_prefix": "",
            "bucket_regional_domain_name": "2024-backup-bucket.s3.us-east-2.amazonaws.com",
            "cors_rule": [],
            "force_destroy": false,
            "grant": [
              {
                "id": "53a13df6799437dce93a2e2f7b2b850f2a20df1cacccb9923a61cf596ddc21d6",
                "permissions": [
                  "FULL_CONTROL"
                ],
                "type": "CanonicalUser",
                "uri": ""
              }
            ],
            "hosted_zone_id": "Z2O1EMRO9K5GLX",
            "id": "2024-backup-bucket",
            "lifecycle_rule": [],
            "logging": [],
            "object_lock_configuration": [],
            "object_lock_enabled": false,
            "policy": "",
            "region": "us-east-2",
            "replication_configuration": [],
            "request_payer": "BucketOwner",
            "server_side_encryption_configuration": [
              {
                "rule": [
                  {
                    "apply_server_side_encryption_by_default": [
                      {
                        "kms_master_key_id": "",
                        "sse_algorithm": "AES256"
                      }
                    ],
                    "bucket_key_enabled": false
                  }
                ]
              }
            ],
            "tags": null,
            "tags_all": {},
            "timeouts": null,
            "versioning": [
              {
                "enabled": false,
                "mfa_delete": false
              }
            ],
            "website": [],
            "website_domain": null,
            "website_endpoint": null
          },
          "sensitive_attributes": [],
          "private": "eyJlMmJmYjczMC1lY2FhLTExZTYtOGY4OC0zNDM2M2JjN2M0YzAiOnsiY3JlYXRlIjoxMjAwMDAwMDAwMDAwLCJkZWxldGUiOjM2MDAwMDAwMDAwMDAsInJlYWQiOjEyMDAwMDAwMDAwMDAsInVwZGF0ZSI6MTIwMDAwMDAwMDAwMH19"
        }
      ]
    },
    {
      "module": "module.s3-backet-replication-module",
      "mode": "managed",
      "type": "aws_s3_bucket",
      "name": "practical-s3-east_1",
      "provider": "module.s3-backet-replication-module.provider[\"registry.terraform.io/hashicorp/aws\"].main-bucket",
      "instances": [
        {
          "schema_version": 0,
          "attributes": {
            "acceleration_status": "",
            "acl": null,
            "arn": "arn:aws:s3:::2024-practical-s3",
            "bucket": "2024-practical-s3",
            "bucket_domain_name": "2024-practical-s3.s3.amazonaws.com",
            "bucket_prefix": "",
            "bucket_regional_domain_name": "2024-practical-s3.s3.amazonaws.com",
            "cors_rule": [],
            "force_destroy": false,
            "grant": [
              {
                "id": "53a13df6799437dce93a2e2f7b2b850f2a20df1cacccb9923a61cf596ddc21d6",
                "permissions": [
                  "FULL_CONTROL"
                ],
                "type": "CanonicalUser",
                "uri": ""
              }
            ],
            "hosted_zone_id": "Z3AQBSTGFYJSTF",
            "id": "2024-practical-s3",
            "lifecycle_rule": [],
            "logging": [],
            "object_lock_configuration": [],
            "object_lock_enabled": false,
            "policy": "",
            "region": "us-east-1",
            "replication_configuration": [],
            "request_payer": "BucketOwner",
            "server_side_encryption_configuration": [
              {
                "rule": [
                  {
                    "apply_server_side_encryption_by_default": [
                      {
                        "kms_master_key_id": "",
                        "sse_algorithm": "AES256"
                      }
                    ],
                    "bucket_key_enabled": false
                  }
                ]
              }
            ],
            "tags": null,
            "tags_all": {},
            "timeouts": null,
            "versioning": [
              {
                "enabled": false,
                "mfa_delete": false
              }
            ],
            "website": [],
            "website_domain": null,
            "website_endpoint": null
          },
          "sensitive_attributes": [],
          "private": "eyJlMmJmYjczMC1lY2FhLTExZTYtOGY4OC0zNDM2M2JjN2M0YzAiOnsiY3JlYXRlIjoxMjAwMDAwMDAwMDAwLCJkZWxldGUiOjM2MDAwMDAwMDAwMDAsInJlYWQiOjEyMDAwMDAwMDAwMDAsInVwZGF0ZSI6MTIwMDAwMDAwMDAwMH19"
        }
      ]
    },
    {
      "module": "module.s3-backet-replication-module",
      "mode": "managed",
      "type": "aws_s3_bucket_replication_configuration",
      "name": "east2_to_east1",
      "provider": "module.s3-backet-replication-module.provider[\"registry.terraform.io/hashicorp/aws\"].backup-bucket",
      "instances": [
        {
          "schema_version": 0,
          "attributes": {
            "bucket": "2024-backup-bucket",
            "id": "2024-backup-bucket",
            "role": "arn:aws:iam::557771927808:role/2024-iam-role-replication",
            "rule": [
              {
                "delete_marker_replication": [],
                "destination": [
                  {
                    "access_control_translation": [],
                    "account": "",
                    "bucket": "arn:aws:s3:::2024-practical-s3",
                    "encryption_configuration": [],
                    "metrics": [],
                    "replication_time": [],
                    "storage_class": "STANDARD"
                  }
                ],
                "existing_object_replication": [],
                "filter": [],
                "id": "MWU3YjAzMTItMDk1OC00NWNhLTk4YzQtMzliZTRhN2JjMWQ4",
                "prefix": "",
                "priority": 0,
                "source_selection_criteria": [],
                "status": "Enabled"
              }
            ],
            "token": null
          },
          "sensitive_attributes": [],
          "private": "bnVsbA==",
          "dependencies": [
            "module.s3-backet-replication-module.aws_iam_role.replication",
            "module.s3-backet-replication-module.aws_s3_bucket.backup-bucket",
            "module.s3-backet-replication-module.aws_s3_bucket.practical-s3-east_1",
            "module.s3-backet-replication-module.aws_s3_bucket_versioning.practical-s3-east_2",
            "module.s3-backet-replication-module.data.aws_iam_policy_document.assume_role"
          ]
        }
      ]
    },
    {
      "module": "module.s3-backet-replication-module",
      "mode": "managed",
      "type": "aws_s3_bucket_replication_configuration",
      "name": "east_1to_east2",
      "provider": "provider[\"registry.terraform.io/hashicorp/aws\"]",
      "instances": [
        {
          "schema_version": 0,
          "attributes": {
            "bucket": "2024-practical-s3",
            "id": "2024-practical-s3",
            "role": "arn:aws:iam::557771927808:role/2024-iam-role-replication",
            "rule": [
              {
                "delete_marker_replication": [],
                "destination": [
                  {
                    "access_control_translation": [],
                    "account": "",
                    "bucket": "arn:aws:s3:::2024-backup-bucket",
                    "encryption_configuration": [],
                    "metrics": [],
                    "replication_time": [],
                    "storage_class": "STANDARD"
                  }
                ],
                "existing_object_replication": [],
                "filter": [],
                "id": "ZmU1MGFjZjctMmUzYi00YjkxLWE0ZjgtMmFhZTM1MGUzNDQ1",
                "prefix": "",
                "priority": 0,
                "source_selection_criteria": [],
                "status": "Enabled"
              }
            ],
            "token": null
          },
          "sensitive_attributes": [],
          "private": "bnVsbA==",
          "dependencies": [
            "module.s3-backet-replication-module.aws_iam_role.replication",
            "module.s3-backet-replication-module.aws_s3_bucket.backup-bucket",
            "module.s3-backet-replication-module.aws_s3_bucket.practical-s3-east_1",
            "module.s3-backet-replication-module.aws_s3_bucket_versioning.practical-s3-east_1",
            "module.s3-backet-replication-module.data.aws_iam_policy_document.assume_role"
          ]
        }
      ]
    },
    {
      "module": "module.s3-backet-replication-module",
      "mode": "managed",
      "type": "aws_s3_bucket_versioning",
      "name": "practical-s3-east_1",
      "provider": "provider[\"registry.terraform.io/hashicorp/aws\"]",
      "instances": [
        {
          "schema_version": 0,
          "attributes": {
            "bucket": "2024-practical-s3",
            "expected_bucket_owner": "",
            "id": "2024-practical-s3",
            "mfa": null,
            "versioning_configuration": [
              {
                "mfa_delete": "",
                "status": "Enabled"
              }
            ]
          },
          "sensitive_attributes": [],
          "private": "bnVsbA==",
          "dependencies": [
            "module.s3-backet-replication-module.aws_s3_bucket.practical-s3-east_1"
          ]
        }
      ]
    },
    {
      "module": "module.s3-backet-replication-module",
      "mode": "managed",
      "type": "aws_s3_bucket_versioning",
      "name": "practical-s3-east_2",
      "provider": "module.s3-backet-replication-module.provider[\"registry.terraform.io/hashicorp/aws\"].backup-bucket",
      "instances": [
        {
          "schema_version": 0,
          "attributes": {
            "bucket": "2024-backup-bucket",
            "expected_bucket_owner": "",
            "id": "2024-backup-bucket",
            "mfa": null,
            "versioning_configuration": [
              {
                "mfa_delete": "",
                "status": "Enabled"
              }
            ]
          },
          "sensitive_attributes": [],
          "private": "bnVsbA==",
          "dependencies": [
            "module.s3-backet-replication-module.aws_s3_bucket.backup-bucket"
          ]
        }
      ]
    }
  ],
  "check_results": null
}
